
Microsoft Visual Studio Solution File, Format Version 12.00
# Visual Studio Version 17
VisualStudioVersion = 17.2.32616.157
MinimumVisualStudioVersion = 10.0.40219.1
Project("{FAE04EC0-301F-11D3-BF4B-00C04F79EFBC}") = "wpf_arquivos.txt", "wpf_arquivos.txt.csproj", "{1FF27E54-DC27-4625-AF87-892CD8E174AF}"
EndProject
Global
	GlobalSection(SolutionConfigurationPlatforms) = preSolution
		Debug|Any CPU = Debug|Any CPU
		Release|Any CPU = Release|Any CPU
	EndGlobalSection
	GlobalSection(ProjectConfigurationPlatforms) = postSolution
		{1FF27E54-DC27-4625-AF87-892CD8E174AF}.Debug|Any CPU.ActiveCfg = Debug|Any CPU
		{1FF27E54-DC27-4625-AF87-892CD8E174AF}.Debug|Any CPU.Build.0 = Debug|Any CPU
		{1FF27E54-DC27-4625-AF87-892CD8E174AF}.Release|Any CPU.ActiveCfg = Release|Any CPU
		{1FF27E54-DC27-4625-AF87-892CD8E174AF}.Release|Any CPU.Build.0 = Release|Any CPU
	EndGlobalSection
	GlobalSection(SolutionProperties) = preSolution
		HideSolutionNode = FALSE
	EndGlobalSection
	GlobalSection(ExtensibilityGlobals) = postSolution
		SolutionGuid = {7260DC53-8670-4F5A-99D7-46836B235F37}
	EndGlobalSection
EndGlobal
